
Microsoft Visual Studio Solution File, Format Version 12.00
# Visual Studio Version 17
VisualStudioVersion = 17.5.33627.172
MinimumVisualStudioVersion = 10.0.40219.1
Project("{FAE04EC0-301F-11D3-BF4B-00C04F79EFBC}") = "Unidad 5", "Unidad 5\Unidad 5.csproj", "{4514AB01-ECCC-4032-85EE-286FDB359AF9}"
EndProject
Global
	GlobalSection(SolutionConfigurationPlatforms) = preSolution
		Debug|Any CPU = Debug|Any CPU
		Release|Any CPU = Release|Any CPU
	EndGlobalSection
	GlobalSection(ProjectConfigurationPlatforms) = postSolution
		{4514AB01-ECCC-4032-85EE-286FDB359AF9}.Debug|Any CPU.ActiveCfg = Debug|Any CPU
		{4514AB01-ECCC-4032-85EE-286FDB359AF9}.Debug|Any CPU.Build.0 = Debug|Any CPU
		{4514AB01-ECCC-4032-85EE-286FDB359AF9}.Release|Any CPU.ActiveCfg = Release|Any CPU
		{4514AB01-ECCC-4032-85EE-286FDB359AF9}.Release|Any CPU.Build.0 = Release|Any CPU
	EndGlobalSection
	GlobalSection(SolutionProperties) = preSolution
		HideSolutionNode = FALSE
	EndGlobalSection
	GlobalSection(ExtensibilityGlobals) = postSolution
		SolutionGuid = {02AC9956-EE94-4AA9-B930-91FCCD927ED1}
	EndGlobalSection
EndGlobal
